{
  "lib/evm-cctp-contracts": {
    "rev": "4061786a5726bc05f99fcdb53b0985599f0dbaf7"
  },
  "lib/forge-std": {
    "tag": {
      "name": "v1.16.1",
      "rev": "620536fa5277db4e3fd46772d5cbc1ea0696fb43"
    }
  },
  "lib/morpho-blue": {
    "tag": {
      "name": "v1.0.0",
      "rev": "55d2d99304fb3fb930c688462ae2ccabb1d533ad"
    }
  },
  "lib/openzeppelin-contracts": {
    "tag": {
      "name": "v5.6.1",
      "rev": "5fd1781b1454fd1ef8e722282f86f9293cacf256"
    }
  },
  "lib/pyth-sdk-solidity": {
    "tag": {
      "name": "v2.2.0",
      "rev": "11d6bcfc2e56885535a9a8e3c8417847cb20be14"
    }
  },
  "lib/redstone-oracles-monorepo": {
    "rev": "eac1bc1e53c4690f9fe9cc93f2e5be596d570dc3"
  },
  "lib/v4-core": {
    "tag": {
      "name": "v4.0.0",
      "rev": "e50237c43811bd9b526eff40f26772152a42daba"
    }
  },
  "lib/v4-periphery": {
    "rev": "9dafaaecc1e2e1e824eda9d941085f96517d827b"
  }
}